
Microsoft Visual Studio Solution File, Format Version 12.00
# Visual Studio Version 17
VisualStudioVersion = 17.3.32922.545
MinimumVisualStudioVersion = 10.0.40219.1
Project("{FAE04EC0-301F-11D3-BF4B-00C04F79EFBC}") = "L15_JAGS_1124522", "L15_JAGS_1124522\L15_JAGS_1124522.csproj", "{D1B85FD0-C125-47F0-9BE4-BD7A77F50147}"
EndProject
Global
	GlobalSection(SolutionConfigurationPlatforms) = preSolution
		Debug|Any CPU = Debug|Any CPU
		Release|Any CPU = Release|Any CPU
	EndGlobalSection
	GlobalSection(ProjectConfigurationPlatforms) = postSolution
		{D1B85FD0-C125-47F0-9BE4-BD7A77F50147}.Debug|Any CPU.ActiveCfg = Debug|Any CPU
		{D1B85FD0-C125-47F0-9BE4-BD7A77F50147}.Debug|Any CPU.Build.0 = Debug|Any CPU
		{D1B85FD0-C125-47F0-9BE4-BD7A77F50147}.Release|Any CPU.ActiveCfg = Release|Any CPU
		{D1B85FD0-C125-47F0-9BE4-BD7A77F50147}.Release|Any CPU.Build.0 = Release|Any CPU
	EndGlobalSection
	GlobalSection(SolutionProperties) = preSolution
		HideSolutionNode = FALSE
	EndGlobalSection
	GlobalSection(ExtensibilityGlobals) = postSolution
		SolutionGuid = {8C4A174E-FC3B-42C2-A3FC-84EA355E78A6}
	EndGlobalSection
EndGlobal
